// !$*UTF8*$!
{
	archiveVersion = 1;
	classes = {
	};
	objectVersion = 55;
	objects = {

/* Begin PBXBuildFile section */
		61200A6E270592780059102A /* AppDelegate.swift in Sources */ = {isa = PBXBuildFile; fileRef = 61200A6D270592780059102A /* AppDelegate.swift */; };
		61200A70270592780059102A /* SceneDelegate.swift in Sources */ = {isa = PBXBuildFile; fileRef = 61200A6F270592780059102A /* SceneDelegate.swift */; };
		61200A72270592780059102A /* ViewController.swift in Sources */ = {isa = PBXBuildFile; fileRef = 61200A71270592780059102A /* ViewController.swift */; };
		61200A75270592780059102A /* Main.storyboard in Resources */ = {isa = PBXBuildFile; fileRef = 61200A73270592780059102A /* Main.storyboard */; };
		61200A772705927B0059102A /* Assets.xcassets in Resources */ = {isa = PBXBuildFile; fileRef = 61200A762705927B0059102A /* Assets.xcassets */; };
		61200A7A2705927B0059102A /* LaunchScreen.storyboard in Resources */ = {isa = PBXBuildFile; fileRef = 61200A782705927B0059102A /* LaunchScreen.storyboard */; };
		61200A852705927B0059102A /* ScrollTestTests.swift in Sources */ = {isa = PBXBuildFile; fileRef = 61200A842705927B0059102A /* ScrollTestTests.swift */; };
		61200A8F2705927B0059102A /* ScrollTestUITests.swift in Sources */ = {isa = PBXBuildFile; fileRef = 61200A8E2705927B0059102A /* ScrollTestUITests.swift */; };
		61200A912705927B0059102A /* ScrollTestUITestsLaunchTests.swift in Sources */ = {isa = PBXBuildFile; fileRef = 61200A902705927B0059102A /* ScrollTestUITestsLaunchTests.swift */; };
/* End PBXBuildFile section */

/* Begin PBXContainerItemProxy section */
		61200A812705927B0059102A /* PBXContainerItemProxy */ = {
			isa = PBXContainerItemProxy;
			containerPortal = 61200A62270592780059102A /* Project object */;
			proxyType = 1;
			remoteGlobalIDString = 61200A69270592780059102A;
			remoteInfo = ScrollTest;
		};
		61200A8B2705927B0059102A /* PBXContainerItemProxy */ = {
			isa = PBXContainerItemProxy;
			containerPortal = 61200A62270592780059102A /* Project object */;
			proxyType = 1;
			remoteGlobalIDString = 61200A69270592780059102A;
			remoteInfo = ScrollTest;
		};
/* End PBXContainerItemProxy section */

/* Begin PBXFileReference section */
		61200A6A270592780059102A /* ScrollTest.app */ = {isa = PBXFileReference; explicitFileType = wrapper.application; includeInIndex = 0; path = ScrollTest.app; sourceTree = BUILT_PRODUCTS_DIR; };
		61200A6D270592780059102A /* AppDelegate.swift */ = {isa = PBXFileReference; lastKnownFileType = sourcecode.swift; path = AppDelegate.swift; sourceTree = "<group>"; };
		61200A6F270592780059102A /* SceneDelegate.swift */ = {isa = PBXFileReference; lastKnownFileType = sourcecode.swift; path = SceneDelegate.swift; sourceTree = "<group>"; };
		61200A71270592780059102A /* ViewController.swift */ = {isa = PBXFileReference; lastKnownFileType = sourcecode.swift; path = ViewController.swift; sourceTree = "<group>"; };
		61200A74270592780059102A /* Base */ = {isa = PBXFileReference; lastKnownFileType = file.storyboard; name = Base; path = Base.lproj/Main.storyboard; sourceTree = "<group>"; };
		61200A762705927B0059102A /* Assets.xcassets */ = {isa = PBXFileReference; lastKnownFileType = folder.assetcatalog; path = Assets.xcassets; sourceTree = "<group>"; };
		61200A792705927B0059102A /* Base */ = {isa = PBXFileReference; lastKnownFileType = file.storyboard; name = Base; path = Base.lproj/LaunchScreen.storyboard; sourceTree = "<group>"; };
		61200A7B2705927B0059102A /* Info.plist */ = {isa = PBXFileReference; lastKnownFileType = text.plist.xml; path = Info.plist; sourceTree = "<group>"; };
		61200A802705927B0059102A /* ScrollTestTests.xctest */ = {isa = PBXFileReference; explicitFileType = wrapper.cfbundle; includeInIndex = 0; path = ScrollTestTests.xctest; sourceTree = BUILT_PRODUCTS_DIR; };
		61200A842705927B0059102A /* ScrollTestTests.swift */ = {isa = PBXFileReference; lastKnownFileType = sourcecode.swift; path = ScrollTestTests.swift; sourceTree = "<group>"; };
		61200A8A2705927B0059102A /* ScrollTestUITests.xctest */ = {isa = PBXFileReference; explicitFileType = wrapper.cfbundle; includeInIndex = 0; path = ScrollTestUITests.xctest; sourceTree = BUILT_PRODUCTS_DIR; };
		61200A8E2705927B0059102A /* ScrollTestUITests.swift */ = {isa = PBXFileReference; lastKnownFileType = sourcecode.swift; path = ScrollTestUITests.swift; sourceTree = "<group>"; };
		61200A902705927B0059102A /* ScrollTestUITestsLaunchTests.swift */ = {isa = PBXFileReference; lastKnownFileType = sourcecode.swift; path = ScrollTestUITestsLaunchTests.swift; sourceTree = "<group>"; };
/* End PBXFileReference section */

/* Begin PBXFrameworksBuildPhase section */
		61200A67270592780059102A /* Frameworks */ = {
			isa = PBXFrameworksBuildPhase;
			buildActionMask = 2147483647;
			files = (
			);
			runOnlyForDeploymentPostprocessing = 0;
		};
		61200A7D2705927B0059102A /* Frameworks */ = {
			isa = PBXFrameworksBuildPhase;
			buildActionMask = 2147483647;
			files = (
			);
			runOnlyForDeploymentPostprocessing = 0;
		};
		61200A872705927B0059102A /* Frameworks */ = {
			isa = PBXFrameworksBuildPhase;
			buildActionMask = 2147483647;
			files = (
			);
			runOnlyForDeploymentPostprocessing = 0;
		};
/* End PBXFrameworksBuildPhase section */

/* Begin PBXGroup section */
		61200A61270592780059102A = {
			isa = PBXGroup;
			children = (
				61200A6C270592780059102A /* ScrollTest */,
				61200A832705927B0059102A /* ScrollTestTests */,
				61200A8D2705927B0059102A /* ScrollTestUITests */,
				61200A6B270592780059102A /* Products */,
			);
			sourceTree = "<group>";
		};
		61200A6B270592780059102A /* Products */ = {
			isa = PBXGroup;
			children = (
				61200A6A270592780059102A /* ScrollTest.app */,
				61200A802705927B0059102A /* ScrollTestTests.xctest */,
				61200A8A2705927B0059102A /* ScrollTestUITests.xctest */,
			);
			name = Products;
			sourceTree = "<group>";
		};
		61200A6C270592780059102A /* ScrollTest */ = {
			isa = PBXGroup;
			children = (
				61200A6D270592780059102A /* AppDelegate.swift */,
				61200A6F270592780059102A /* SceneDelegate.swift */,
				61200A71270592780059102A /* ViewController.swift */,
				61200A73270592780059102A /* Main.storyboard */,
				61200A762705927B0059102A /* Assets.xcassets */,
				61200A782705927B0059102A /* LaunchScreen.storyboard */,
				61200A7B2705927B0059102A /* Info.plist */,
			);
			path = ScrollTest;
			sourceTree = "<group>";
		};
		61200A832705927B0059102A /* ScrollTestTests */ = {
			isa = PBXGroup;
			children = (
				61200A842705927B0059102A /* ScrollTestTests.swift */,
			);
			path = ScrollTestTests;
			sourceTree = "<group>";
		};
		61200A8D2705927B0059102A /* ScrollTestUITests */ = {
			isa = PBXGroup;
			children = (
				61200A8E2705927B0059102A /* ScrollTestUITests.swift */,
				61200A902705927B0059102A /* ScrollTestUITestsLaunchTests.swift */,
			);
			path = ScrollTestUITests;
			sourceTree = "<group>";
		};
/* End PBXGroup section */

/* Begin PBXNativeTarget section */
		61200A69270592780059102A /* ScrollTest */ = {
			isa = PBXNativeTarget;
			buildConfigurationList = 61200A942705927B0059102A /* Build configuration list for PBXNativeTarget "ScrollTest" */;
			buildPhases = (
				61200A66270592780059102A /* Sources */,
				61200A67270592780059102A /* Frameworks */,
				61200A68270592780059102A /* Resources */,
			);
			buildRules = (
			);
			dependencies = (
			);
			name = ScrollTest;
			productName = ScrollTest;
			productReference = 61200A6A270592780059102A /* ScrollTest.app */;
			productType = "com.apple.product-type.application";
		};
		61200A7F2705927B0059102A /* ScrollTestTests */ = {
			isa = PBXNativeTarget;
			buildConfigurationList = 61200A972705927B0059102A /* Build configuration list for PBXNativeTarget "ScrollTestTests" */;
			buildPhases = (
				61200A7C2705927B0059102A /* Sources */,
				61200A7D2705927B0059102A /* Frameworks */,
				61200A7E2705927B0059102A /* Resources */,
			);
			buildRules = (
			);
			dependencies = (
				61200A822705927B0059102A /* PBXTargetDependency */,
			);
			name = ScrollTestTests;
			productName = ScrollTestTests;
			productReference = 61200A802705927B0059102A /* ScrollTestTests.xctest */;
			productType = "com.apple.product-type.bundle.unit-test";
		};
		61200A892705927B0059102A /* ScrollTestUITests */ = {
			isa = PBXNativeTarget;
			buildConfigurationList = 61200A9A2705927B0059102A /* Build configuration list for PBXNativeTarget "ScrollTestUITests" */;
			buildPhases = (
				61200A862705927B0059102A /* Sources */,
				61200A872705927B0059102A /* Frameworks */,
				61200A882705927B0059102A /* Resources */,
			);
			buildRules = (
			);
			dependencies = (
				61200A8C2705927B0059102A /* PBXTargetDependency */,
			);
			name = ScrollTestUITests;
			productName = ScrollTestUITests;
			productReference = 61200A8A2705927B0059102A /* ScrollTestUITests.xctest */;
			productType = "com.apple.product-type.bundle.ui-testing";
		};
/* End PBXNativeTarget section */

/* Begin PBXProject section */
		61200A62270592780059102A /* Project object */ = {
			isa = PBXProject;
			attributes = {
				BuildIndependentTargetsInParallel = 1;
				LastSwiftUpdateCheck = 1300;
				LastUpgradeCheck = 1300;
				TargetAttributes = {
					61200A69270592780059102A = {
						CreatedOnToolsVersion = 13.0;
					};
					61200A7F2705927B0059102A = {
						CreatedOnToolsVersion = 13.0;
						TestTargetID = 61200A69270592780059102A;
					};
					61200A892705927B0059102A = {
						CreatedOnToolsVersion = 13.0;
						TestTargetID = 61200A69270592780059102A;
					};
				};
			};
			buildConfigurationList = 61200A65270592780059102A /* Build configuration list for PBXProject "ScrollTest" */;
			compatibilityVersion = "Xcode 13.0";
			developmentRegion = en;
			hasScannedForEncodings = 0;
			knownRegions = (
				en,
				Base,
			);
			mainGroup = 61200A61270592780059102A;
			productRefGroup = 61200A6B270592780059102A /* Products */;
			projectDirPath = "";
			projectRoot = "";
			targets = (
				61200A69270592780059102A /* ScrollTest */,
				61200A7F2705927B0059102A /* ScrollTestTests */,
				61200A892705927B0059102A /* ScrollTestUITests */,
			);
		};
/* End PBXProject section */

/* Begin PBXResourcesBuildPhase section */
		61200A68270592780059102A /* Resources */ = {
			isa = PBXResourcesBuildPhase;
			buildActionMask = 2147483647;
			files = (
				61200A7A2705927B0059102A /* LaunchScreen.storyboard in Resources */,
				61200A772705927B0059102A /* Assets.xcassets in Resources */,
				61200A75270592780059102A /* Main.storyboard in Resources */,
			);
			runOnlyForDeploymentPostprocessing = 0;
		};
		61200A7E2705927B0059102A /* Resources */ = {
			isa = PBXResourcesBuildPhase;
			buildActionMask = 2147483647;
			files = (
			);
			runOnlyForDeploymentPostprocessing = 0;
		};
		61200A882705927B0059102A /* Resources */ = {
			isa = PBXResourcesBuildPhase;
			buildActionMask = 2147483647;
			files = (
			);
			runOnlyForDeploymentPostprocessing = 0;
		};
/* End PBXResourcesBuildPhase section */

/* Begin PBXSourcesBuildPhase section */
		61200A66270592780059102A /* Sources */ = {
			isa = PBXSourcesBuildPhase;
			buildActionMask = 2147483647;
			files = (
				61200A72270592780059102A /* ViewController.swift in Sources */,
				61200A6E270592780059102A /* AppDelegate.swift in Sources */,
				61200A70270592780059102A /* SceneDelegate.swift in Sources */,
			);
			runOnlyForDeploymentPostprocessing = 0;
		};
		61200A7C2705927B0059102A /* Sources */ = {
			isa = PBXSourcesBuildPhase;
			buildActionMask = 2147483647;
			files = (
				61200A852705927B0059102A /* ScrollTestTests.swift in Sources */,
			);
			runOnlyForDeploymentPostprocessing = 0;
		};
		61200A862705927B0059102A /* Sources */ = {
			isa = PBXSourcesBuildPhase;
			buildActionMask = 2147483647;
			files = (
				61200A8F2705927B0059102A /* ScrollTestUITests.swift in Sources */,
				61200A912705927B0059102A /* ScrollTestUITestsLaunchTests.swift in Sources */,
			);
			runOnlyForDeploymentPostprocessing = 0;
		};
/* End PBXSourcesBuildPhase section */

/* Begin PBXTargetDependency section */
		61200A822705927B0059102A /* PBXTargetDependency */ = {
			isa = PBXTargetDependency;
			target = 61200A69270592780059102A /* ScrollTest */;
			targetProxy = 61200A812705927B0059102A /* PBXContainerItemProxy */;
		};
		61200A8C2705927B0059102A /* PBXTargetDependency */ = {
			isa = PBXTargetDependency;
			target = 61200A69270592780059102A /* ScrollTest */;
			targetProxy = 61200A8B2705927B0059102A /* PBXContainerItemProxy */;
		};
/* End PBXTargetDependency section */

/* Begin PBXVariantGroup section */
		61200A73270592780059102A /* Main.storyboard */ = {
			isa = PBXVariantGroup;
			children = (
				61200A74270592780059102A /* Base */,
			);
			name = Main.storyboard;
			sourceTree = "<group>";
		};
		61200A782705927B0059102A /* LaunchScreen.storyboard */ = {
			isa = PBXVariantGroup;
			children = (
				61200A792705927B0059102A /* Base */,
			);
			name = LaunchScreen.storyboard;
			sourceTree = "<group>";
		};
/* End PBXVariantGroup section */

/* Begin XCBuildConfiguration section */
		61200A922705927B0059102A /* Debug */ = {
			isa = XCBuildConfiguration;
			buildSettings = {
				ALWAYS_SEARCH_USER_PATHS = NO;
				CLANG_ANALYZER_NONNULL = YES;
				CLANG_ANALYZER_NUMBER_OBJECT_CONVERSION = YES_AGGRESSIVE;
				CLANG_CXX_LANGUAGE_STANDARD = "gnu++17";
				CLANG_CXX_LIBRARY = "libc++";
				CLANG_ENABLE_MODULES = YES;
				CLANG_ENABLE_OBJC_ARC = YES;
				CLANG_ENABLE_OBJC_WEAK = YES;
				CLANG_WARN_BLOCK_CAPTURE_AUTORELEASING = YES;
				CLANG_WARN_BOOL_CONVERSION = YES;
				CLANG_WARN_COMMA = YES;
				CLANG_WARN_CONSTANT_CONVERSION = YES;
				CLANG_WARN_DEPRECATED_OBJC_IMPLEMENTATIONS = YES;
				CLANG_WARN_DIRECT_OBJC_ISA_USAGE = YES_ERROR;
				CLANG_WARN_DOCUMENTATION_COMMENTS = YES;
				CLANG_WARN_EMPTY_BODY = YES;
				CLANG_WARN_ENUM_CONVERSION = YES;
				CLANG_WARN_INFINITE_RECURSION = YES;
				CLANG_WARN_INT_CONVERSION = YES;
				CLANG_WARN_NON_LITERAL_NULL_CONVERSION = YES;
				CLANG_WARN_OBJC_IMPLICIT_RETAIN_SELF = YES;
				CLANG_WARN_OBJC_LITERAL_CONVERSION = YES;
				CLANG_WARN_OBJC_ROOT_CLASS = YES_ERROR;
				CLANG_WARN_QUOTED_INCLUDE_IN_FRAMEWORK_HEADER = YES;
				CLANG_WARN_RANGE_LOOP_ANALYSIS = YES;
				CLANG_WARN_STRICT_PROTOTYPES = YES;
				CLANG_WARN_SUSPICIOUS_MOVE = YES;
				CLANG_WARN_UNGUARDED_AVAILABILITY = YES_AGGRESSIVE;
				CLANG_WARN_UNREACHABLE_CODE = YES;
				CLANG_WARN__DUPLICATE_METHOD_MATCH = YES;
				COPY_PHASE_STRIP = NO;
				DEBUG_INFORMATION_FORMAT = dwarf;
				ENABLE_STRICT_OBJC_MSGSEND = YES;
				ENABLE_TESTABILITY = YES;
				GCC_C_LANGUAGE_STANDARD = gnu11;
				GCC_DYNAMIC_NO_PIC = NO;
				GCC_NO_COMMON_BLOCKS = YES;
				GCC_OPTIMIZATION_LEVEL = 0;
				GCC_PREPROCESSOR_DEFINITIONS = (
					"DEBUG=1",
					"$(inherited)",
				);
				GCC_WARN_64_TO_32_BIT_CONVERSION = YES;
				GCC_WARN_ABOUT_RETURN_TYPE = YES_ERROR;
				GCC_WARN_UNDECLARED_SELECTOR = YES;
				GCC_WARN_UNINITIALIZED_AUTOS = YES_AGGRESSIVE;
				GCC_WARN_UNUSED_FUNCTION = YES;
				GCC_WARN_UNUSED_VARIABLE = YES;
				IPHONEOS_DEPLOYMENT_TARGET = 15.0;
				MTL_ENABLE_DEBUG_INFO = INCLUDE_SOURCE;
				MTL_FAST_MATH = YES;
				ONLY_ACTIVE_ARCH = YES;
				SDKROOT = iphoneos;
				SWIFT_ACTIVE_COMPILATION_CONDITIONS = DEBUG;
				SWIFT_OPTIMIZATION_LEVEL = "-Onone";
			};
			name = Debug;
		};
		61200A932705927B0059102A /* Release */ = {
			isa = XCBuildConfiguration;
			buildSettings = {
				ALWAYS_SEARCH_USER_PATHS = NO;
				CLANG_ANALYZER_NONNULL = YES;
				CLANG_ANALYZER_NUMBER_OBJECT_CONVERSION = YES_AGGRESSIVE;
				CLANG_CXX_LANGUAGE_STANDARD = "gnu++17";
				CLANG_CXX_LIBRARY = "libc++";
				CLANG_ENABLE_MODULES = YES;
				CLANG_ENABLE_OBJC_ARC = YES;
				CLANG_ENABLE_OBJC_WEAK = YES;
				CLANG_WARN_BLOCK_CAPTURE_AUTORELEASING = YES;
				CLANG_WARN_BOOL_CONVERSION = YES;
				CLANG_WARN_COMMA = YES;
				CLANG_WARN_CONSTANT_CONVERSION = YES;
				CLANG_WARN_DEPRECATED_OBJC_IMPLEMENTATIONS = YES;
				CLANG_WARN_DIRECT_OBJC_ISA_USAGE = YES_ERROR;
				CLANG_WARN_DOCUMENTATION_COMMENTS = YES;
				CLANG_WARN_EMPTY_BODY = YES;
				CLANG_WARN_ENUM_CONVERSION = YES;
				CLANG_WARN_INFINITE_RECURSION = YES;
				CLANG_WARN_INT_CONVERSION = YES;
				CLANG_WARN_NON_LITERAL_NULL_CONVERSION = YES;
				CLANG_WARN_OBJC_IMPLICIT_RETAIN_SELF = YES;
				CLANG_WARN_OBJC_LITERAL_CONVERSION = YES;
				CLANG_WARN_OBJC_ROOT_CLASS = YES_ERROR;
				CLANG_WARN_QUOTED_INCLUDE_IN_FRAMEWORK_HEADER = YES;
				CLANG_WARN_RANGE_LOOP_ANALYSIS = YES;
				CLANG_WARN_STRICT_PROTOTYPES = YES;
				CLANG_WARN_SUSPICIOUS_MOVE = YES;
				CLANG_WARN_UNGUARDED_AVAILABILITY = YES_AGGRESSIVE;
				CLANG_WARN_UNREACHABLE_CODE = YES;
				CLANG_WARN__DUPLICATE_METHOD_MATCH = YES;
				COPY_PHASE_STRIP = NO;
				DEBUG_INFORMATION_FORMAT = "dwarf-with-dsym";
				ENABLE_NS_ASSERTIONS = NO;
				ENABLE_STRICT_OBJC_MSGSEND = YES;
				GCC_C_LANGUAGE_STANDARD = gnu11;
				GCC_NO_COMMON_BLOCKS = YES;
				GCC_WARN_64_TO_32_BIT_CONVERSION = YES;
				GCC_WARN_ABOUT_RETURN_TYPE = YES_ERROR;
				GCC_WARN_UNDECLARED_SELECTOR = YES;
				GCC_WARN_UNINITIALIZED_AUTOS = YES_AGGRESSIVE;
				GCC_WARN_UNUSED_FUNCTION = YES;
				GCC_WARN_UNUSED_VARIABLE = YES;
				IPHONEOS_DEPLOYMENT_TARGET = 15.0;
				MTL_ENABLE_DEBUG_INFO = NO;
				MTL_FAST_MATH = YES;
				SDKROOT = iphoneos;
				SWIFT_COMPILATION_MODE = wholemodule;
				SWIFT_OPTIMIZATION_LEVEL = "-O";
				VALIDATE_PRODUCT = YES;
			};
			name = Release;
		};
		61200A952705927B0059102A /* Debug */ = {
			isa = XCBuildConfiguration;
			buildSettings = {
				ASSETCATALOG_COMPILER_APPICON_NAME = AppIcon;
				ASSETCATALOG_COMPILER_GLOBAL_ACCENT_COLOR_NAME = AccentColor;
				CODE_SIGN_STYLE = Automatic;
				CURRENT_PROJECT_VERSION = 1;
				DEVELOPMENT_TEAM = R5RFEZ8DV2;
				GENERATE_INFOPLIST_FILE = YES;
				INFOPLIST_FILE = ScrollTest/Info.plist;
				INFOPLIST_KEY_UIApplicationSupportsIndirectInputEvents = YES;
				INFOPLIST_KEY_UILaunchStoryboardName = LaunchScreen;
				INFOPLIST_KEY_UIMainStoryboardFile = Main;
				INFOPLIST_KEY_UISupportedInterfaceOrientations_iPad = "UIInterfaceOrientationPortrait UIInterfaceOrientationPortraitUpsideDown UIInterfaceOrientationLandscapeLeft UIInterfaceOrientationLandscapeRight";
				INFOPLIST_KEY_UISupportedInterfaceOrientations_iPhone = "UIInterfaceOrientationPortrait UIInterfaceOrientationLandscapeLeft UIInterfaceOrientationLandscapeRight";
				LD_RUNPATH_SEARCH_PATHS = (
					"$(inherited)",
					"@executable_path/Frameworks",
				);
				MARKETING_VERSION = 1.0;
				PRODUCT_BUNDLE_IDENTIFIER = rowkaxl.ScrollTest;
				PRODUCT_NAME = "$(TARGET_NAME)";
				SWIFT_EMIT_LOC_STRINGS = YES;
				SWIFT_VERSION = 5.0;
				TARGETED_DEVICE_FAMILY = "1,2";
			};
			name = Debug;
		};
		61200A962705927B0059102A /* Release */ = {
			isa = XCBuildConfiguration;
			buildSettings = {
				ASSETCATALOG_COMPILER_APPICON_NAME = AppIcon;
				ASSETCATALOG_COMPILER_GLOBAL_ACCENT_COLOR_NAME = AccentColor;
				CODE_SIGN_STYLE = Automatic;
				CURRENT_PROJECT_VERSION = 1;
				DEVELOPMENT_TEAM = R5RFEZ8DV2;
				GENERATE_INFOPLIST_FILE = YES;
				INFOPLIST_FILE = ScrollTest/Info.plist;
				INFOPLIST_KEY_UIApplicationSupportsIndirectInputEvents = YES;
				INFOPLIST_KEY_UILaunchStoryboardName = LaunchScreen;
				INFOPLIST_KEY_UIMainStoryboardFile = Main;
				INFOPLIST_KEY_UISupportedInterfaceOrientations_iPad = "UIInterfaceOrientationPortrait UIInterfaceOrientationPortraitUpsideDown UIInterfaceOrientationLandscapeLeft UIInterfaceOrientationLandscapeRight";
				INFOPLIST_KEY_UISupportedInterfaceOrientations_iPhone = "UIInterfaceOrientationPortrait UIInterfaceOrientationLandscapeLeft UIInterfaceOrientationLandscapeRight";
				LD_RUNPATH_SEARCH_PATHS = (
					"$(inherited)",
					"@executable_path/Frameworks",
				);
				MARKETING_VERSION = 1.0;
				PRODUCT_BUNDLE_IDENTIFIER = rowkaxl.ScrollTest;
				PRODUCT_NAME = "$(TARGET_NAME)";
				SWIFT_EMIT_LOC_STRINGS = YES;
				SWIFT_VERSION = 5.0;
				TARGETED_DEVICE_FAMILY = "1,2";
			};
			name = Release;
		};
		61200A982705927B0059102A /* Debug */ = {
			isa = XCBuildConfiguration;
			buildSettings = {
				ALWAYS_EMBED_SWIFT_STANDARD_LIBRARIES = YES;
				BUNDLE_LOADER = "$(TEST_HOST)";
				CODE_SIGN_STYLE = Automatic;
				CURRENT_PROJECT_VERSION = 1;
				DEVELOPMENT_TEAM = R5RFEZ8DV2;
				GENERATE_INFOPLIST_FILE = YES;
				IPHONEOS_DEPLOYMENT_TARGET = 15.0;
				LD_RUNPATH_SEARCH_PATHS = (
					"$(inherited)",
					"@executable_path/Frameworks",
					"@loader_path/Frameworks",
				);
				MARKETING_VERSION = 1.0;
				PRODUCT_BUNDLE_IDENTIFIER = rowkaxl.ScrollTestTests;
				PRODUCT_NAME = "$(TARGET_NAME)";
				SWIFT_EMIT_LOC_STRINGS = NO;
				SWIFT_VERSION = 5.0;
				TARGETED_DEVICE_FAMILY = "1,2";
				TEST_HOST = "$(BUILT_PRODUCTS_DIR)/ScrollTest.app/ScrollTest";
			};
			name = Debug;
		};
		61200A992705927B0059102A /* Release */ = {
			isa = XCBuildConfiguration;
			buildSettings = {
				ALWAYS_EMBED_SWIFT_STANDARD_LIBRARIES = YES;
				BUNDLE_LOADER = "$(TEST_HOST)";
				CODE_SIGN_STYLE = Automatic;
				CURRENT_PROJECT_VERSION = 1;
				DEVELOPMENT_TEAM = R5RFEZ8DV2;
				GENERATE_INFOPLIST_FILE = YES;
				IPHONEOS_DEPLOYMENT_TARGET = 15.0;
				LD_RUNPATH_SEARCH_PATHS = (
					"$(inherited)",
					"@executable_path/Frameworks",
					"@loader_path/Frameworks",
				);
				MARKETING_VERSION = 1.0;
				PRODUCT_BUNDLE_IDENTIFIER = rowkaxl.ScrollTestTests;
				PRODUCT_NAME = "$(TARGET_NAME)";
				SWIFT_EMIT_LOC_STRINGS = NO;
				SWIFT_VERSION = 5.0;
				TARGETED_DEVICE_FAMILY = "1,2";
				TEST_HOST = "$(BUILT_PRODUCTS_DIR)/ScrollTest.app/ScrollTest";
			};
			name = Release;
		};
		61200A9B2705927B0059102A /* Debug */ = {
			isa = XCBuildConfiguration;
			buildSettings = {
				ALWAYS_EMBED_SWIFT_STANDARD_LIBRARIES = YES;
				CODE_SIGN_STYLE = Automatic;
				CURRENT_PROJECT_VERSION = 1;
				DEVELOPMENT_TEAM = R5RFEZ8DV2;
				GENERATE_INFOPLIST_FILE = YES;
				LD_RUNPATH_SEARCH_PATHS = (
					"$(inherited)",
					"@executable_path/Frameworks",
					"@loader_path/Frameworks",
				);
				MARKETING_VERSION = 1.0;
				PRODUCT_BUNDLE_IDENTIFIER = rowkaxl.ScrollTestUITests;
				PRODUCT_NAME = "$(TARGET_NAME)";
				SWIFT_EMIT_LOC_STRINGS = NO;
				SWIFT_VERSION = 5.0;
				TARGETED_DEVICE_FAMILY = "1,2";
				TEST_TARGET_NAME = ScrollTest;
			};
			name = Debug;
		};
		61200A9C2705927B0059102A /* Release */ = {
			isa = XCBuildConfiguration;
			buildSettings = {
				ALWAYS_EMBED_SWIFT_STANDARD_LIBRARIES = YES;
				CODE_SIGN_STYLE = Automatic;
				CURRENT_PROJECT_VERSION = 1;
				DEVELOPMENT_TEAM = R5RFEZ8DV2;
				GENERATE_INFOPLIST_FILE = YES;
				LD_RUNPATH_SEARCH_PATHS = (
					"$(inherited)",
					"@executable_path/Frameworks",
					"@loader_path/Frameworks",
				);
				MARKETING_VERSION = 1.0;
				PRODUCT_BUNDLE_IDENTIFIER = rowkaxl.ScrollTestUITests;
				PRODUCT_NAME = "$(TARGET_NAME)";
				SWIFT_EMIT_LOC_STRINGS = NO;
				SWIFT_VERSION = 5.0;
				TARGETED_DEVICE_FAMILY = "1,2";
				TEST_TARGET_NAME = ScrollTest;
			};
			name = Release;
		};
/* End XCBuildConfiguration section */

/* Begin XCConfigurationList section */
		61200A65270592780059102A /* Build configuration list for PBXProject "ScrollTest" */ = {
			isa = XCConfigurationList;
			buildConfigurations = (
				61200A922705927B0059102A /* Debug */,
				61200A932705927B0059102A /* Release */,
			);
			defaultConfigurationIsVisible = 0;
			defaultConfigurationName = Release;
		};
		61200A942705927B0059102A /* Build configuration list for PBXNativeTarget "ScrollTest" */ = {
			isa = XCConfigurationList;
			buildConfigurations = (
				61200A952705927B0059102A /* Debug */,
				61200A962705927B0059102A /* Release */,
			);
			defaultConfigurationIsVisible = 0;
			defaultConfigurationName = Release;
		};
		61200A972705927B0059102A /* Build configuration list for PBXNativeTarget "ScrollTestTests" */ = {
			isa = XCConfigurationList;
			buildConfigurations = (
				61200A982705927B0059102A /* Debug */,
				61200A992705927B0059102A /* Release */,
			);
			defaultConfigurationIsVisible = 0;
			defaultConfigurationName = Release;
		};
		61200A9A2705927B0059102A /* Build configuration list for PBXNativeTarget "ScrollTestUITests" */ = {
			isa = XCConfigurationList;
			buildConfigurations = (
				61200A9B2705927B0059102A /* Debug */,
				61200A9C2705927B0059102A /* Release */,
			);
			defaultConfigurationIsVisible = 0;
			defaultConfigurationName = Release;
		};
/* End XCConfigurationList section */
	};
	rootObject = 61200A62270592780059102A /* Project object */;
}
